version = 1
revision = 2
requires-python = ">=3.7"
resolution-markers = [
    "python_full_version >= '3.9'",
    "python_full_version == '3.8.*'",
    "python_full_version < '3.8'",
]

[manifest]
constraints = [{ name = "pyqt5-qt5", specifier = "<=5.15.2" }]

[[package]]
name = "pyqt"
version = "0.1.0"
source = { virtual = "." }
dependencies = [
    { name = "pyqt5", version = "5.15.10", source = { registry = "https://pypi.org/simple" }, marker = "python_full_version < '3.8'" },
    { name = "pyqt5", version = "5.15.11", source = { registry = "https://pypi.org/simple" }, marker = "python_full_version >= '3.8'" },
]

[package.metadata]
requires-dist = [{ name = "pyqt5", specifier = ">=5.15.10" }]

[[package]]
name = "pyqt5"
version = "5.15.10"
source = { registry = "https://pypi.org/simple" }
resolution-markers = [
    "python_full_version < '3.8'",
]
dependencies = [
    { name = "pyqt5-qt5", marker = "python_full_version < '3.8'" },
    { name = "pyqt5-sip", version = "12.13.0", source = { registry = "https://pypi.org/simple" }, marker = "python_full_version < '3.8'" },
]
sdist = { url = "https://files.pythonhosted.org/packages/4d/5d/b8b6e26956ec113ad3f566e02abd12ac3a56b103fcc7e0735e27ee4a1df3/PyQt5-5.15.10.tar.gz", hash = "sha256:d46b7804b1b10a4ff91753f8113e5b5580d2b4462f3226288e2d84497334898a", size = 3242654, upload-time = "2023-10-14T10:27:00.553Z" }
wheels = [
    { url = "https://files.pythonhosted.org/packages/f2/8a/aa7699436ed898a1cc34724bbb672a879ea51b8067f0ab71843d52f6fcd0/PyQt5-5.15.10-cp37-abi3-macosx_10_13_x86_64.whl", hash = "sha256:93288d62ebd47b1933d80c27f5d43c7c435307b84d480af689cef2474e87e4c8", size = 6999055, upload-time = "2023-10-14T10:26:24.374Z" },
    { url = "https://files.pythonhosted.org/packages/7c/1a/10bfde9464f2521d907c1fc675eaa33bab014fca4a9502ac3995a9b76549/PyQt5-5.15.10-cp37-abi3-macosx_11_0_arm64.whl", hash = "sha256:862cea3be95b4b0a2b9678003b3a18edf7bd5eafd673860f58820f246d4bf616", size = 6587833, upload-time = "2023-10-20T14:57:24.932Z" },
    { url = "https://files.pythonhosted.org/packages/2f/e6/a1f9853e4933c312c6de9c79d126c7d92ef69ae0e53895fb1ceb0ecc77a6/PyQt5-5.15.10-cp37-abi3-manylinux_2_17_x86_64.whl", hash = "sha256:b89478d16d4118664ff58ed609e0a804d002703c9420118de7e4e70fa1cb5486", size = 8239447, upload-time = "2023-10-14T10:26:40.438Z" },
    { url = "https://files.pythonhosted.org/packages/54/2a/f7369ca9a6c11ad7d0c6037ac7a254b3abf758c72e231d3fd0c2a45ce9f4/PyQt5-5.15.10-cp37-abi3-win32.whl", hash = "sha256:ff99b4f91aa8eb60510d5889faad07116d3340041916e46c07d519f7cad344e1", size = 5425705, upload-time = "2023-10-14T10:26:48.022Z" },
    { url = "https://files.pythonhosted.org/packages/ca/ac/596e8ca16fd0634542d874c0d79219fc527ea7de73a5000092f60ecbf6e9/PyQt5-5.15.10-cp37-abi3-win_amd64.whl", hash = "sha256:501355f327e9a2c38db0428e1a236d25ebcb99304cd6e668c05d1188d514adec", size = 6840786, upload-time = "2023-10-14T10:26:55.814Z" },
]

[[package]]
name = "pyqt5"
version = "5.15.11"
source = { registry = "https://pypi.org/simple" }
resolution-markers = [
    "python_full_version >= '3.9'",
    "python_full_version == '3.8.*'",
]
dependencies = [
    { name = "pyqt5-qt5", marker = "python_full_version >= '3.8'" },
    { name = "pyqt5-sip", version = "12.15.0", source = { registry = "https://pypi.org/simple" }, marker = "python_full_version == '3.8.*'" },
    { name = "pyqt5-sip", version = "12.17.0", source = { registry = "https://pypi.org/simple" }, marker = "python_full_version >= '3.9'" },
]
sdist = { url = "https://files.pythonhosted.org/packages/0e/07/c9ed0bd428df6f87183fca565a79fee19fa7c88c7f00a7f011ab4379e77a/PyQt5-5.15.11.tar.gz", hash = "sha256:fda45743ebb4a27b4b1a51c6d8ef455c4c1b5d610c90d2934c7802b5c1557c52", size = 3216775, upload-time = "2024-07-19T08:39:57.756Z" }
wheels = [
    { url = "https://files.pythonhosted.org/packages/11/64/42ec1b0bd72d87f87bde6ceb6869f444d91a2d601f2e67cd05febc0346a1/PyQt5-5.15.11-cp38-abi3-macosx_11_0_arm64.whl", hash = "sha256:c8b03dd9380bb13c804f0bdb0f4956067f281785b5e12303d529f0462f9afdc2", size = 6579776, upload-time = "2024-07-19T08:39:19.775Z" },
    { url = "https://files.pythonhosted.org/packages/49/f5/3fb696f4683ea45d68b7e77302eff173493ac81e43d63adb60fa760b9f91/PyQt5-5.15.11-cp38-abi3-macosx_11_0_x86_64.whl", hash = "sha256:6cd75628f6e732b1ffcfe709ab833a0716c0445d7aec8046a48d5843352becb6", size = 7016415, upload-time = "2024-07-19T08:39:32.977Z" },
    { url = "https://files.pythonhosted.org/packages/b4/8c/4065950f9d013c4b2e588fe33cf04e564c2322842d84dbcbce5ba1dc28b0/PyQt5-5.15.11-cp38-abi3-manylinux_2_17_x86_64.whl", hash = "sha256:cd672a6738d1ae33ef7d9efa8e6cb0a1525ecf53ec86da80a9e1b6ec38c8d0f1", size = 8188103, upload-time = "2024-07-19T08:39:40.561Z" },
    { url = "https://files.pythonhosted.org/packages/f3/f0/ae5a5b4f9b826b29ea4be841b2f2d951bcf5ae1d802f3732b145b57c5355/PyQt5-5.15.11-cp38-abi3-win32.whl", hash = "sha256:76be0322ceda5deecd1708a8d628e698089a1cea80d1a49d242a6d579a40babd", size = 5433308, upload-time = "2024-07-19T08:39:46.932Z" },
    { url = "https://files.pythonhosted.org/packages/56/d5/68eb9f3d19ce65df01b6c7b7a577ad3bbc9ab3a5dd3491a4756e71838ec9/PyQt5-5.15.11-cp38-abi3-win_amd64.whl", hash = "sha256:bdde598a3bb95022131a5c9ea62e0a96bd6fb28932cc1619fd7ba211531b7517", size = 6865864, upload-time = "2024-07-19T08:39:53.572Z" },
]

[[package]]
name = "pyqt5-qt5"
version = "5.15.2"
source = { registry = "https://pypi.org/simple" }
wheels = [
    { url = "https://files.pythonhosted.org/packages/62/09/99a222b0360616250fb2e6003a54e43a2a06b0774f0f8d5daafb86a2c375/PyQt5_Qt5-5.15.2-py3-none-macosx_10_13_intel.whl", hash = "sha256:76980cd3d7ae87e3c7a33bfebfaee84448fd650bad6840471d6cae199b56e154", size = 40546019, upload-time = "2021-03-10T13:52:47.763Z" },
    { url = "https://files.pythonhosted.org/packages/83/d4/241a6a518d0bcf0a9fcdcbad5edfed18d43e884317eab8d5230a2b27e206/PyQt5_Qt5-5.15.2-py3-none-manylinux2014_x86_64.whl", hash = "sha256:1988f364ec8caf87a6ee5d5a3a5210d57539988bf8e84714c7d60972692e2f4a", size = 59921716, upload-time = "2021-03-10T13:57:39.485Z" },
    { url = "https://files.pythonhosted.org/packages/1c/7e/ce7c66a541a105fa98b41d6405fe84940564695e29fc7dccf6d9e8c5f898/PyQt5_Qt5-5.15.2-py3-none-win32.whl", hash = "sha256:9cc7a768b1921f4b982ebc00a318ccb38578e44e45316c7a4a850e953e1dd327", size = 43447358, upload-time = "2021-03-10T14:01:17.827Z" },
    { url = "https://files.pythonhosted.org/packages/37/97/5d3b222b924fa2ed4c2488925155cd0b03fd5d09ee1cfcf7c553c11c9f66/PyQt5_Qt5-5.15.2-py3-none-win_amd64.whl", hash = "sha256:750b78e4dba6bdf1607febedc08738e318ea09e9b10aea9ff0d73073f11f6962", size = 50075158, upload-time = "2021-03-10T14:05:20.868Z" },
]

[[package]]
name = "pyqt5-sip"
version = "12.13.0"
source = { registry = "https://pypi.org/simple" }
resolution-markers = [
    "python_full_version < '3.8'",
]
sdist = { url = "https://files.pythonhosted.org/packages/ee/81/fce2a475aa56c1f49707d9306b930695b6ff078c2242c9f2fd72a3214e1f/PyQt5_sip-12.13.0.tar.gz", hash = "sha256:7f321daf84b9c9dbca61b80e1ef37bdaffc0e93312edae2cd7da25b953971d91", size = 123225, upload-time = "2023-10-14T10:21:54.43Z" }
wheels = [
    { url = "https://files.pythonhosted.org/packages/2c/08/5746a53447b75f4024324e9409d8c17d005ae94596cb8d1a1da7fd702de6/PyQt5_sip-12.13.0-cp310-cp310-macosx_10_9_universal2.whl", hash = "sha256:a7e3623b2c743753625c4650ec7696362a37fb36433b61824cf257f6d3d43cca", size = 144380, upload-time = "2023-10-14T10:21:08.413Z" },
    { url = "https://files.pythonhosted.org/packages/c9/d5/2537affe91240214b4b84616ef6abe545bca6a56302280cad5e08062b23b/PyQt5_sip-12.13.0-cp310-cp310-manylinux_2_5_x86_64.manylinux1_x86_64.whl", hash = "sha256:6e4ac714252370ca037c7d609da92388057165edd4f94e63354f6d65c3ed9d53", size = 338140, upload-time = "2023-10-14T10:21:15.878Z" },
    { url = "https://files.pythonhosted.org/packages/56/d3/8d27ce7bed0139c0408ff7a662adeca567ec8b9c111e085eb90d91e4bed7/PyQt5_sip-12.13.0-cp310-cp310-win32.whl", hash = "sha256:d5032da3fff62da055104926ffe76fd6044c1221f8ad35bb60804bcb422fe866", size = 68692, upload-time = "2023-10-14T10:21:18.502Z" },
    { url = "https://files.pythonhosted.org/packages/f3/0c/69bda293d75b3169515400820d2fa11d0ccde31046c48c48c5e9c8549d69/PyQt5_sip-12.13.0-cp310-cp310-win_amd64.whl", hash = "sha256:9a8cdd6cb66adcbe5c941723ed1544eba05cf19b6c961851b58ccdae1c894afb", size = 78471, upload-time = "2023-10-14T10:21:20.305Z" },
    { url = "https://files.pythonhosted.org/packages/bc/de/fff654a38821e42beb914ecca72c4ac0ae3dab1f94666ae8015a152a197f/PyQt5_sip-12.13.0-cp311-cp311-macosx_10_9_universal2.whl", hash = "sha256:0f85fb633a522f04e48008de49dce1ff1d947011b48885b8428838973fbca412", size = 144454, upload-time = "2023-10-14T10:21:22.06Z" },
    { url = "https://files.pythonhosted.org/packages/ca/b0/5af957d148693e1d1b1e2e33c51dd9c8a3c29f7ac21008684d612c0b86c3/PyQt5_sip-12.13.0-cp311-cp311-manylinux_2_5_x86_64.manylinux1_x86_64.whl", hash = "sha256:ec60162e034c42fb99859206d62b83b74f987d58937b3a82bdc07b5c3d190dec", size = 346673, upload-time = "2023-10-14T10:21:25.112Z" },
    { url = "https://files.pythonhosted.org/packages/d8/04/8682c882bb0adbc73dd5cf191c486cc2680acb53ffca312f254a806baf15/PyQt5_sip-12.13.0-cp311-cp311-win32.whl", hash = "sha256:205cd449d08a2b024a468fb6100cd7ed03e946b4f49706f508944006f955ae1a", size = 68704, upload-time = "2023-10-14T10:21:26.736Z" },
    { url = "https://files.pythonhosted.org/packages/8e/e2/d296cb17bae19ba49137a2649934a70d5f48cc99b7daa6ce9cf1aecddfeb/PyQt5_sip-12.13.0-cp311-cp311-win_amd64.whl", hash = "sha256:1c8371682f77852256f1f2d38c41e2e684029f43330f0635870895ab01c02f6c", size = 78476, upload-time = "2023-10-14T10:21:28.342Z" },
    { url = "https://files.pythonhosted.org/packages/37/75/02e2f850b0e7c8987da526ed4a2bf579c231b2bb2731860798bb1a1752ea/PyQt5_sip-12.13.0-cp312-cp312-macosx_10_9_universal2.whl", hash = "sha256:7fe3375b508c5bc657d73b9896bba8a768791f1f426c68053311b046bcebdddf", size = 146399, upload-time = "2023-10-14T10:21:31.17Z" },
    { url = "https://files.pythonhosted.org/packages/3c/ab/f8f1e970768fcb4ab118d4aabbfcb9b7f781088b71e1f26d813fd51c4701/PyQt5_sip-12.13.0-cp312-cp312-manylinux_2_5_x86_64.manylinux1_x86_64.whl", hash = "sha256:773731b1b5ab1a7cf5621249f2379c95e3d2905e9bd96ff3611b119586daa876", size = 360986, upload-time = "2023-10-14T10:21:33.749Z" },
    { url = "https://files.pythonhosted.org/packages/46/e1/70222aac7ed23f85b54e69507fb5256e53be1205bdc4f678463f2ed74aa2/PyQt5_sip-12.13.0-cp312-cp312-win32.whl", hash = "sha256:fb4a5271fa3f6bc2feb303269a837a95a6d8dd16be553aa40e530de7fb81bfdf", size = 69214, upload-time = "2023-10-14T10:21:36.204Z" },
    { url = "https://files.pythonhosted.org/packages/dd/88/41bab90e8cde04220d9fb688750d69441633a8c570638e7b204ebf63ab01/PyQt5_sip-12.13.0-cp312-cp312-win_amd64.whl", hash = "sha256:3a4498f3b1b15f43f5d12963accdce0fd652b0bcaae6baf8008663365827444c", size = 77706, upload-time = "2023-10-14T10:21:37.609Z" },
    { url = "https://files.pythonhosted.org/packages/c8/26/81bdb1df1cbf8807b94c753f75882323ed618c3623224eb6b386564066ca/PyQt5_sip-12.13.0-cp38-cp38-macosx_10_9_x86_64.whl", hash = "sha256:9b984c2620a7a7eaf049221b09ae50a345317add2624c706c7d2e9e6632a9587", size = 85411, upload-time = "2023-10-14T10:21:39.206Z" },
    { url = "https://files.pythonhosted.org/packages/d6/06/0d34b0f57e1c9d3b6ea1ce8157153b009efd8eefa87dbb9ffb7e909c0c78/PyQt5_sip-12.13.0-cp38-cp38-manylinux_2_5_x86_64.manylinux1_x86_64.whl", hash = "sha256:3188a06956aef86f604fb0d14421a110fad70d2a9e943dbacbfc3303f651dade", size = 335458, upload-time = "2023-10-14T10:21:42.458Z" },
    { url = "https://files.pythonhosted.org/packages/ab/c2/f5908a64a5b1445471c94b2fa2c8953df1cdb3f9e7a73fe232fcba56aefa/PyQt5_sip-12.13.0-cp38-cp38-win32.whl", hash = "sha256:108a15f603e1886988c4b0d9d41cb74c9f9815bf05cefc843d559e8c298a10ce", size = 68554, upload-time = "2023-10-14T10:21:43.867Z" },
    { url = "https://files.pythonhosted.org/packages/88/cd/dd21cdb92d053ca71c02c75ab7bd32874b82b33bef61d6d70b5d898e684b/PyQt5_sip-12.13.0-cp38-cp38-win_amd64.whl", hash = "sha256:db228cd737f5cbfc66a3c3e50042140cb80b30b52edc5756dbbaa2346ec73137", size = 78263, upload-time = "2023-10-14T10:21:45.642Z" },
    { url = "https://files.pythonhosted.org/packages/cf/00/442b0fd2ae8d88eece790856b71b35f2a0cf467e63d7adfc4512cd50ef44/PyQt5_sip-12.13.0-cp39-cp39-macosx_10_9_universal2.whl", hash = "sha256:5338773bbaedaa4f16a73c142fb23cc18c327be6c338813af70260b756c7bc92", size = 144366, upload-time = "2023-10-14T10:21:47.761Z" },
    { url = "https://files.pythonhosted.org/packages/51/ba/fcd923fc4ca1247daa76cf024f647014ef266238326dc07cc0ec02d7efc9/PyQt5_sip-12.13.0-cp39-cp39-manylinux_2_5_x86_64.manylinux1_x86_64.whl", hash = "sha256:29fa9cc964517c9fc3f94f072b9a2aeef4e7a2eda1879cb835d9e06971161cdf", size = 335709, upload-time = "2023-10-14T10:21:49.727Z" },
    { url = "https://files.pythonhosted.org/packages/ed/dd/15c6aeaec1391c7784dbe30c35267b1991e65540e51cc4e7028387103c55/PyQt5_sip-12.13.0-cp39-cp39-win32.whl", hash = "sha256:96414c93f3d33963887cf562d50d88b955121fbfd73f937c8eca46643e77bf61", size = 68589, upload-time = "2023-10-14T10:21:51.5Z" },
    { url = "https://files.pythonhosted.org/packages/a5/d5/657447dc60ee79447781543c967dbd5500ae729730fe76126236ff26b72d/PyQt5_sip-12.13.0-cp39-cp39-win_amd64.whl", hash = "sha256:bbc7cd498bf19e0862097be1ad2243e824dea56726f00c11cff1b547c2d31d01", size = 78513, upload-time = "2023-10-14T10:21:52.84Z" },
]

[[package]]
name = "pyqt5-sip"
version = "12.15.0"
source = { registry = "https://pypi.org/simple" }
resolution-markers = [
    "python_full_version == '3.8.*'",
]
sdist = { url = "https://files.pythonhosted.org/packages/1b/15/78318d50f10062c428e97e7ce387e772616a4673c356018b905f247a6a85/PyQt5_sip-12.15.0.tar.gz", hash = "sha256:d23fdfcf363b5cedd9d39f8a9c5710e7d52804f5b08a58e91c638b36eafcb702", size = 104024, upload-time = "2024-07-12T15:38:08.283Z" }
wheels = [
    { url = "https://files.pythonhosted.org/packages/f9/cb/5989258c3d70c78eabaebe3ac900c56c863caf6de7961e4b7b556a8c9e7a/PyQt5_sip-12.15.0-cp310-cp310-macosx_10_9_universal2.whl", hash = "sha256:749f7a3ffd6e3d2d5db65ed92c95cbd14490631595c61f0c0672c9238bfb17de", size = 122371, upload-time = "2024-07-12T15:37:07.208Z" },
    { url = "https://files.pythonhosted.org/packages/c1/06/3fffcc82005d83ce5f923c52a13fc40661c081c0aa7a2588af09351d9075/PyQt5_sip-12.15.0-cp310-cp310-manylinux_2_5_x86_64.manylinux1_x86_64.whl", hash = "sha256:b4adc529fa4ec05728e14ea55194d907cc51f18d6f2ac5cc9f6eb52ac038aa0f", size = 270522, upload-time = "2024-07-12T15:37:09.41Z" },
    { url = "https://files.pythonhosted.org/packages/64/29/9508798f4009a7ffcfb92818fbe6dbfdc63fbc300b32c6c193f5c0879c16/PyQt5_sip-12.15.0-cp310-cp310-win32.whl", hash = "sha256:83d247cdc43ef224410b14c97413067ea26356dfa39e9ed0fe702a31e25710b0", size = 49059, upload-time = "2024-07-12T15:37:10.703Z" },
    { url = "https://files.pythonhosted.org/packages/18/c2/a53caa812b3886550eb82ba7af63a8293a6ffbceaef1f6f192fe34fdd580/PyQt5_sip-12.15.0-cp310-cp310-win_amd64.whl", hash = "sha256:13f0c6a78e781255863e3e160304648efaf62276b7102741af637b63a6e96930", size = 59015, upload-time = "2024-07-12T15:37:12.4Z" },
    { url = "https://files.pythonhosted.org/packages/e9/7e/4b87c65adf9cb74895acc129043d04bb300436cab1e39469f4a9fc40b602/PyQt5_sip-12.15.0-cp311-cp311-macosx_10_9_universal2.whl", hash = "sha256:855563d4d3b59ce7438bbf2dd32fed2707787defa40f3efe94f204a19ef92b25", size = 122436, upload-time = "2024-07-12T15:37:13.921Z" },
    { url = "https://files.pythonhosted.org/packages/ec/90/8bf505a096553a253e1a65078ca1aeb6de8a83f27afa3a43bb89ae29da31/PyQt5_sip-12.15.0-cp311-cp311-manylinux_2_5_x86_64.manylinux1_x86_64.whl", hash = "sha256:0b718a362f4392430903bbb2a4b9bbff9841a16a52f0cfdd5b5bbd9d11457980", size = 276022, upload-time = "2024-07-12T15:37:32.356Z" },
    { url = "https://files.pythonhosted.org/packages/6b/80/ed1a360df9128e0e26e28c6341174a7e02efc57816799af5e3a3cb865fc8/PyQt5_sip-12.15.0-cp311-cp311-win32.whl", hash = "sha256:2575f428de584a12009fd29d00c89df16ed101a3b38beba818dfdcbc4a10709c", size = 49065, upload-time = "2024-07-12T15:37:34.417Z" },
    { url = "https://files.pythonhosted.org/packages/4e/d6/ea034ad64290c541042dc4c349d5aa854c8a0b54802a0759ec37671f0939/PyQt5_sip-12.15.0-cp311-cp311-win_amd64.whl", hash = "sha256:c85be433fbafcb3d417581c0e1b67c8198d23858166e4f938e971c2262c13cdb", size = 59009, upload-time = "2024-07-12T15:37:45.34Z" },
    { url = "https://files.pythonhosted.org/packages/90/47/de48934a0d692c65b0833924a618786146c0869910c707a5e508351d5b91/PyQt5_sip-12.15.0-cp312-cp312-macosx_10_9_universal2.whl", hash = "sha256:852b75cf208825602480e95ab63314108f872d0da251e9ad3deaaff5a183a6f5", size = 124312, upload-time = "2024-07-12T15:37:46.705Z" },
    { url = "https://files.pythonhosted.org/packages/d1/6c/9a2fe24f8970e092613f709283a2101403490a209a30de3de89a413d9915/PyQt5_sip-12.15.0-cp312-cp312-manylinux_2_5_x86_64.manylinux1_x86_64.whl", hash = "sha256:0cd21c3215e3c47fdd5fa7a2dc3dd1e07a7230b0626e905a7217925068c788b9", size = 281431, upload-time = "2024-07-12T15:37:48.523Z" },
    { url = "https://files.pythonhosted.org/packages/90/53/0a4dc2d448619f2a51849e124d375ec7a8e95c938eccfaf8711bb77a62b6/PyQt5_sip-12.15.0-cp312-cp312-win32.whl", hash = "sha256:b58eeedc9b2a3037b136bf96915196c391a33be470ed1c0723d7163ef0b727a2", size = 49408, upload-time = "2024-07-12T15:37:49.854Z" },
    { url = "https://files.pythonhosted.org/packages/aa/c2/c07c531fe5a6124d91942c48a85ff4e14918766cd37819f7841cf2debabb/PyQt5_sip-12.15.0-cp312-cp312-win_amd64.whl", hash = "sha256:24a1d4937332bf0a38dd95bb2ce4d89723df449f6e912b52ef0e107e11fefac1", size = 57922, upload-time = "2024-07-12T15:37:53.71Z" },
    { url = "https://files.pythonhosted.org/packages/fe/c5/448f5757bfe8215ee570f490f4f600d4f92fdaf06690117eae369a5b3da0/PyQt5_sip-12.15.0-cp38-cp38-macosx_11_0_universal2.whl", hash = "sha256:91b9538458a3a23e033c213bc879ce64f3d0a33d5a49cbd03e1e584efe307a35", size = 122522, upload-time = "2024-07-12T15:37:55.02Z" },
    { url = "https://files.pythonhosted.org/packages/13/ae/e48632f12f0186f9719b001e9fe0495233d8dfa807ecc9f4b54462cd76f5/PyQt5_sip-12.15.0-cp38-cp38-manylinux_2_5_x86_64.manylinux1_x86_64.whl", hash = "sha256:0c1c727ede7fdc464a1fe2e46109ba836509b2d7187a46fdeae443148ce51d1c", size = 274510, upload-time = "2024-07-12T15:37:56.557Z" },
    { url = "https://files.pythonhosted.org/packages/64/34/507fd1aedb0919137d9a3fd806462543a7697e877999efbbdcb890f41379/PyQt5_sip-12.15.0-cp38-cp38-win32.whl", hash = "sha256:dd241de9c569c07bbba62bff1049996e5b52478164f61f430073a87bf6d26d33", size = 48884, upload-time = "2024-07-12T15:37:59.525Z" },
    { url = "https://files.pythonhosted.org/packages/4f/fc/7d44e8f83eded93fa1517d8354529b7a21cae5d93c26e1681fd7e4bcbb2b/PyQt5_sip-12.15.0-cp38-cp38-win_amd64.whl", hash = "sha256:f600ae6f03e4bff91153c0dc7ebe52f90bd2b6afda58fd580e6990b3b951adc0", size = 59038, upload-time = "2024-07-12T15:38:01.004Z" },
    { url = "https://files.pythonhosted.org/packages/bc/76/302ace0f93ff919be5fcbc763372c3b07fdb06005becd2e53b3d425204e4/PyQt5_sip-12.15.0-cp39-cp39-macosx_10_9_universal2.whl", hash = "sha256:c0c543d604116af26694a8a5ba90f510551ff9124d503ae5ee14bb73a61363a3", size = 122370, upload-time = "2024-07-12T15:38:02.247Z" },
    { url = "https://files.pythonhosted.org/packages/1a/b6/85f21bc6d0edde6a64e29fd5e6493ab184cc8bad502b3394416db6fbd7ea/PyQt5_sip-12.15.0-cp39-cp39-manylinux_2_5_x86_64.manylinux1_x86_64.whl", hash = "sha256:97f2d6e8d9b7b3d3e795d576d7f56e6257f524221f6383b33ded7287763e9f06", size = 268190, upload-time = "2024-07-12T15:38:04.853Z" },
    { url = "https://files.pythonhosted.org/packages/d8/9f/c4bfa0dce78b15352bc750c3faef8bd884aadf66603eacaabfa7ef99d5b7/PyQt5_sip-12.15.0-cp39-cp39-win32.whl", hash = "sha256:ed5221c6241981bd98d39504823efb9cbe36841bf8917288f8fe8fc1d5569a41", size = 48946, upload-time = "2024-07-12T15:38:06.121Z" },
    { url = "https://files.pythonhosted.org/packages/bc/ff/239f3304db74fac086e9c1152256374a98ddab980e60e54b6f0df0ce79f4/PyQt5_sip-12.15.0-cp39-cp39-win_amd64.whl", hash = "sha256:7f88c85702dce80ac2e1a162054f688ed394811d6dd03a5574b3fa8111b0a6db", size = 59003, upload-time = "2024-07-12T15:38:07.199Z" },
]

[[package]]
name = "pyqt5-sip"
version = "12.17.0"
source = { registry = "https://pypi.org/simple" }
resolution-markers = [
    "python_full_version >= '3.9'",
]
sdist = { url = "https://files.pythonhosted.org/packages/01/79/086b50414bafa71df494398ad277d72e58229a3d1c1b1c766d12b14c2e6d/pyqt5_sip-12.17.0.tar.gz", hash = "sha256:682dadcdbd2239af9fdc0c0628e2776b820e128bec88b49b8d692fe682f90b4f", size = 104042, upload-time = "2025-02-02T17:13:11.268Z" }
wheels = [
    { url = "https://files.pythonhosted.org/packages/6b/23/1da570b7e143b6d216728c919cae2976f7dbff65db94e3d9f5b62df37ba5/PyQt5_sip-12.17.0-cp310-cp310-macosx_10_9_universal2.whl", hash = "sha256:ec47914cc751608e587c1c2fdabeaf4af7fdc28b9f62796c583bea01c1a1aa3e", size = 122696, upload-time = "2025-02-02T17:12:35.786Z" },
    { url = "https://files.pythonhosted.org/packages/61/d5/506b1c3ad06268c601276572f1cde1c0dffd074b44e023f4d80f5ea49265/PyQt5_sip-12.17.0-cp310-cp310-manylinux_2_5_x86_64.manylinux1_x86_64.whl", hash = "sha256:2f2a8dcc7626fe0da73a0918e05ce2460c7a14ddc946049310e6e35052105434", size = 270932, upload-time = "2025-02-02T17:12:38.175Z" },
    { url = "https://files.pythonhosted.org/packages/0b/9b/46159d8038374b076244a1930ead460e723453ec73f9b0330390ddfdd0ea/PyQt5_sip-12.17.0-cp310-cp310-win32.whl", hash = "sha256:0c75d28b8282be3c1d7dbc76950d6e6eba1e334783224e9b9835ce1a9c64f482", size = 49085, upload-time = "2025-02-02T17:12:40.146Z" },
    { url = "https://files.pythonhosted.org/packages/fe/66/b3eb937a620ce2a5db5c377beeca870d60fafd87aecc1bcca6921bbcf553/PyQt5_sip-12.17.0-cp310-cp310-win_amd64.whl", hash = "sha256:8c4bc535bae0dfa764e8534e893619fe843ce5a2e25f901c439bcb960114f686", size = 59040, upload-time = "2025-02-02T17:12:41.962Z" },
    { url = "https://files.pythonhosted.org/packages/52/fd/7d6e3deca5ce37413956faf4e933ce6beb87ac0cc7b26d934b5ed998f88a/PyQt5_sip-12.17.0-cp311-cp311-macosx_10_9_universal2.whl", hash = "sha256:2c912807dd638644168ea8c7a447bfd9d85a19471b98c2c588c4d2e911c09b0a", size = 122748, upload-time = "2025-02-02T17:12:43.831Z" },
    { url = "https://files.pythonhosted.org/packages/29/4d/e5981cde03b091fd83a1ef4ef6a4ca99ce6921d61b80c0222fc8eafdc99a/PyQt5_sip-12.17.0-cp311-cp311-manylinux_2_5_x86_64.manylinux1_x86_64.whl", hash = "sha256:71514a7d43b44faa1d65a74ad2c5da92c03a251bdc749f009c313f06cceacc9a", size = 276401, upload-time = "2025-02-02T17:12:45.705Z" },
    { url = "https://files.pythonhosted.org/packages/5f/30/4c282896b1e8841639cf2aca59acf57d8b261ed834ae976c959f25fa4a35/PyQt5_sip-12.17.0-cp311-cp311-win32.whl", hash = "sha256:023466ae96f72fbb8419b44c3f97475de6642fa5632520d0f50fc1a52a3e8200", size = 49091, upload-time = "2025-02-02T17:12:47.688Z" },
    { url = "https://files.pythonhosted.org/packages/24/c1/50fc7301aa39a50f451fc1b6b219e778c540a823fe9533a57b4793c859fd/PyQt5_sip-12.17.0-cp311-cp311-win_amd64.whl", hash = "sha256:fb565469d08dcb0a427def0c45e722323beb62db79454260482b6948bfd52d47", size = 59036, upload-time = "2025-02-02T17:12:49.535Z" },
    { url = "https://files.pythonhosted.org/packages/a3/e6/e51367c28d69b5a462f38987f6024e766fd8205f121fe2f4d8ba2a6886b9/PyQt5_sip-12.17.0-cp312-cp312-macosx_10_9_universal2.whl", hash = "sha256:ea08341c8a5da00c81df0d689ecd4ee47a95e1ecad9e362581c92513f2068005", size = 124650, upload-time = "2025-02-02T17:12:50.595Z" },
    { url = "https://files.pythonhosted.org/packages/64/3b/e6d1f772b41d8445d6faf86cc9da65910484ebd9f7df83abc5d4955437d0/PyQt5_sip-12.17.0-cp312-cp312-manylinux_2_5_x86_64.manylinux1_x86_64.whl", hash = "sha256:4a92478d6808040fbe614bb61500fbb3f19f72714b99369ec28d26a7e3494115", size = 281893, upload-time = "2025-02-02T17:12:51.966Z" },
    { url = "https://files.pythonhosted.org/packages/ed/c5/d17fc2ddb9156a593710c88afd98abcf4055a2224b772f8bec2c6eea879c/PyQt5_sip-12.17.0-cp312-cp312-win32.whl", hash = "sha256:b0ff280b28813e9bfd3a4de99490739fc29b776dc48f1c849caca7239a10fc8b", size = 49438, upload-time = "2025-02-02T17:12:54.426Z" },
    { url = "https://files.pythonhosted.org/packages/fe/c5/1174988d52c732d07033cf9a5067142b01d76be7731c6394a64d5c3ef65c/PyQt5_sip-12.17.0-cp312-cp312-win_amd64.whl", hash = "sha256:54c31de7706d8a9a8c0fc3ea2c70468aba54b027d4974803f8eace9c22aad41c", size = 58017, upload-time = "2025-02-02T17:12:56.31Z" },
    { url = "https://files.pythonhosted.org/packages/fd/5d/f234e505af1a85189310521447ebc6052ebb697efded850d0f2b2555f7aa/PyQt5_sip-12.17.0-cp313-cp313-macosx_10_13_universal2.whl", hash = "sha256:c7a7ff355e369616b6bcb41d45b742327c104b2bf1674ec79b8d67f8f2fa9543", size = 124580, upload-time = "2025-02-02T17:12:58.158Z" },
    { url = "https://files.pythonhosted.org/packages/cd/cb/3b2050e9644d0021bdf25ddf7e4c3526e1edd0198879e76ba308e5d44faf/PyQt5_sip-12.17.0-cp313-cp313-manylinux_2_5_x86_64.manylinux1_x86_64.whl", hash = "sha256:419b9027e92b0b707632c370cfc6dc1f3b43c6313242fc4db57a537029bd179c", size = 281563, upload-time = "2025-02-02T17:12:59.421Z" },
    { url = "https://files.pythonhosted.org/packages/51/61/b8ebde7e0b32d0de44c521a0ace31439885b0423d7d45d010a2f7d92808c/PyQt5_sip-12.17.0-cp313-cp313-win32.whl", hash = "sha256:351beab964a19f5671b2a3e816ecf4d3543a99a7e0650f88a947fea251a7589f", size = 49383, upload-time = "2025-02-02T17:13:00.597Z" },
    { url = "https://files.pythonhosted.org/packages/15/ed/ff94d6b2910e7627380cb1fc9a518ff966e6d78285c8e54c9422b68305db/PyQt5_sip-12.17.0-cp313-cp313-win_amd64.whl", hash = "sha256:672c209d05661fab8e17607c193bf43991d268a1eefbc2c4551fbf30fd8bb2ca", size = 58022, upload-time = "2025-02-02T17:13:01.738Z" },
    { url = "https://files.pythonhosted.org/packages/21/f7/3bed2754743ba52b8264c20a1c52df6ff9c5f6465c11ae108be3b841471a/PyQt5_sip-12.17.0-cp39-cp39-macosx_10_9_universal2.whl", hash = "sha256:d65a9c1b4cbbd8e856254609f56e897d2cb5c903f77b75fb720cb3a32c76b92b", size = 122688, upload-time = "2025-02-02T17:13:04.617Z" },
    { url = "https://files.pythonhosted.org/packages/23/63/8a934ea1f759eee60b4e0143e5b109d16560bf67593bfed76cca55799a1a/PyQt5_sip-12.17.0-cp39-cp39-manylinux_2_5_x86_64.manylinux1_x86_64.whl", hash = "sha256:32b03e7e77ecd7b4119eba486b0706fa59b490bcceb585f9b6ddec8a582082db", size = 268531, upload-time = "2025-02-02T17:13:06.005Z" },
    { url = "https://files.pythonhosted.org/packages/34/80/0df0cdb7b25a87346a493cedb20f6eeb0301e7fbc02ed23d9077df998291/PyQt5_sip-12.17.0-cp39-cp39-win32.whl", hash = "sha256:5b6c734f4ad28f3defac4890ed747d391d246af279200935d49953bc7d915b8c", size = 49005, upload-time = "2025-02-02T17:13:07.741Z" },
    { url = "https://files.pythonhosted.org/packages/30/f5/2fd274c4fe9513d750eecfbe0c39937a179534446e148d8b9db4255f429a/PyQt5_sip-12.17.0-cp39-cp39-win_amd64.whl", hash = "sha256:855e8f5787d57e26a48d8c3de1220a8e92ab83be8d73966deac62fdae03ea2f9", size = 59076, upload-time = "2025-02-02T17:13:09.643Z" },
]
